
Microsoft Visual Studio Solution File, Format Version 12.00
# Visual Studio 14
VisualStudioVersion = 14.0.22512.0
MinimumVisualStudioVersion = 10.0.40219.1
Project("{FAE04EC0-301F-11D3-BF4B-00C04F79EFBC}") = "RenderingEngine", "RenderingEngine\RenderingEngine.csproj", "{1AA03EFF-A2F4-4EEC-AE36-AA1358E3EC67}"
EndProject
Project("{FAE04EC0-301F-11D3-BF4B-00C04F79EFBC}") = "RenderingEngine.Tests", "RenderingEngine.Tests\RenderingEngine.Tests.csproj", "{80BF2B37-7BED-49F9-BE4D-89B2515617BD}"
EndProject
Project("{2150E333-8FDC-42A3-9474-1A3956D46DE8}") = ".nuget", ".nuget", "{44ABBDDB-C506-4F05-9B1F-17CA208D9A32}"
EndProject
Project("{FAE04EC0-301F-11D3-BF4B-00C04F79EFBC}") = "HtmlParser", "HtmlParser\HtmlParser.csproj", "{AB36D949-55A8-4E6C-A616-28337B364C1E}"
EndProject
Project("{FAE04EC0-301F-11D3-BF4B-00C04F79EFBC}") = "Console", "Console\Console.csproj", "{6D4E3BF6-4A23-431E-A80C-EE4AC9C4925F}"
EndProject
Global
	GlobalSection(SolutionConfigurationPlatforms) = preSolution
		Debug|Any CPU = Debug|Any CPU
		Release|Any CPU = Release|Any CPU
	EndGlobalSection
	GlobalSection(ProjectConfigurationPlatforms) = postSolution
		{1AA03EFF-A2F4-4EEC-AE36-AA1358E3EC67}.Debug|Any CPU.ActiveCfg = Debug|Any CPU
		{1AA03EFF-A2F4-4EEC-AE36-AA1358E3EC67}.Debug|Any CPU.Build.0 = Debug|Any CPU
		{1AA03EFF-A2F4-4EEC-AE36-AA1358E3EC67}.Release|Any CPU.ActiveCfg = Release|Any CPU
		{1AA03EFF-A2F4-4EEC-AE36-AA1358E3EC67}.Release|Any CPU.Build.0 = Release|Any CPU
		{80BF2B37-7BED-49F9-BE4D-89B2515617BD}.Debug|Any CPU.ActiveCfg = Debug|Any CPU
		{80BF2B37-7BED-49F9-BE4D-89B2515617BD}.Debug|Any CPU.Build.0 = Debug|Any CPU
		{80BF2B37-7BED-49F9-BE4D-89B2515617BD}.Release|Any CPU.ActiveCfg = Release|Any CPU
		{80BF2B37-7BED-49F9-BE4D-89B2515617BD}.Release|Any CPU.Build.0 = Release|Any CPU
		{AB36D949-55A8-4E6C-A616-28337B364C1E}.Debug|Any CPU.ActiveCfg = Debug|Any CPU
		{AB36D949-55A8-4E6C-A616-28337B364C1E}.Debug|Any CPU.Build.0 = Debug|Any CPU
		{AB36D949-55A8-4E6C-A616-28337B364C1E}.Release|Any CPU.ActiveCfg = Release|Any CPU
		{AB36D949-55A8-4E6C-A616-28337B364C1E}.Release|Any CPU.Build.0 = Release|Any CPU
		{6D4E3BF6-4A23-431E-A80C-EE4AC9C4925F}.Debug|Any CPU.ActiveCfg = Debug|Any CPU
		{6D4E3BF6-4A23-431E-A80C-EE4AC9C4925F}.Debug|Any CPU.Build.0 = Debug|Any CPU
		{6D4E3BF6-4A23-431E-A80C-EE4AC9C4925F}.Release|Any CPU.ActiveCfg = Release|Any CPU
		{6D4E3BF6-4A23-431E-A80C-EE4AC9C4925F}.Release|Any CPU.Build.0 = Release|Any CPU
	EndGlobalSection
	GlobalSection(SolutionProperties) = preSolution
		HideSolutionNode = FALSE
	EndGlobalSection
EndGlobal
